<?xml version="1.0" encoding="UTF-8"?>
<CONFIG>
  <ProjectOptions>
    <Version Value="12"/>
    <PathDelim Value="\"/>
    <General>
      <Flags>
        <SaveOnlyProjectUnits Value="True"/>
      </Flags>
      <SessionStorage Value="InProjectDir"/>
      <Title Value="PobierakYT"/>
      <Scaled Value="True"/>
      <ResourceType Value="res"/>
      <UseXPManifest Value="True"/>
      <XPManifest>
        <DpiAware Value="True/PM_V2"/>
        <LongPathAware Value="True"/>
        <TextName Value="PobierakYT"/>
        <TextDesc Value="Retro-style yt-dlp GUI"/>
      </XPManifest>
      <Icon Value="0"/>
    </General>
    <VersionInfo>
      <UseVersionInfo Value="True"/>
      <MajorVersionNr Value="1"/>
      <MinorVersionNr Value="2"/>
      <StringTable CompanyName="CelularBat" FileDescription="Retro-style yt-dlp GUI" InternalName="https://github.com/CelularBat/PobierakYT" LegalCopyright="GPLv3 https://www.gnu.org/licenses/gpl-3.0.html" ProductName="PobierakYT"/>
    </VersionInfo>
    <BuildModes>
      <Item Name="Default" Default="True"/>
      <Item Name="Debug">
        <CompilerOptions>
          <Version Value="11"/>
          <PathDelim Value="\"/>
          <Target>
            <Filename Value="PobierakYT"/>
          </Target>
          <SearchPaths>
            <IncludeFiles Value="$(ProjOutDir)"/>
            <UnitOutputDirectory Value="lib\$(TargetCPU)-$(TargetOS)"/>
          </SearchPaths>
          <Parsing>
            <SyntaxOptions>
              <IncludeAssertionCode Value="True"/>
            </SyntaxOptions>
          </Parsing>
          <CodeGeneration>
            <Checks>
              <IOChecks Value="True"/>
              <RangeChecks Value="True"/>
              <OverflowChecks Value="True"/>
              <StackChecks Value="True"/>
            </Checks>
            <VerifyObjMethodCallValidity Value="True"/>
          </CodeGeneration>
          <Linking>
            <Debugging>
              <DebugInfoType Value="dsDwarf3"/>
              <UseHeaptrc Value="True"/>
              <TrashVariables Value="True"/>
              <UseExternalDbgSyms Value="True"/>
            </Debugging>
            <Options>
              <Win32>
                <GraphicApplication Value="True"/>
              </Win32>
            </Options>
          </Linking>
        </CompilerOptions>
      </Item>
      <Item Name="Release">
        <CompilerOptions>
          <Version Value="11"/>
          <PathDelim Value="\"/>
          <Target>
            <Filename Value="PobierakYT"/>
          </Target>
          <SearchPaths>
            <IncludeFiles Value="$(ProjOutDir)"/>
            <UnitOutputDirectory Value="lib\$(TargetCPU)-$(TargetOS)"/>
          </SearchPaths>
          <CodeGeneration>
            <SmartLinkUnit Value="True"/>
            <Optimizations>
              <OptimizationLevel Value="3"/>
            </Optimizations>
          </CodeGeneration>
          <Linking>
            <Debugging>
              <GenerateDebugInfo Value="False"/>
              <DebugInfoType Value="dsDwarf3"/>
            </Debugging>
            <LinkSmart Value="True"/>
            <Options>
              <Win32>
                <GraphicApplication Value="True"/>
              </Win32>
            </Options>
          </Linking>
        </CompilerOptions>
      </Item>
    </BuildModes>
    <PublishOptions>
      <Version Value="2"/>
      <UseFileFilters Value="True"/>
    </PublishOptions>
    <RunParams>
      <FormatVersion Value="2"/>
    </RunParams>
    <RequiredPackages>
      <Item>
        <PackageName Value="LazUtils"/>
      </Item>
      <Item>
        <PackageName Value="LCL"/>
      </Item>
    </RequiredPackages>
    <Units>
      <Unit>
        <Filename Value="PobierakYT.lpr"/>
        <IsPartOfProject Value="True"/>
      </Unit>
      <Unit>
        <Filename Value="mainform.pas"/>
        <IsPartOfProject Value="True"/>
        <ComponentName Value="Form1"/>
        <HasResources Value="True"/>
        <ResourceBaseClass Value="Form"/>
        <UnitName Value="MainForm"/>
      </Unit>
      <Unit>
        <Filename Value="runexternal.pas"/>
        <IsPartOfProject Value="True"/>
        <UnitName Value="RunExternal"/>
      </Unit>
      <Unit>
        <Filename Value="pobierak.engine.pas"/>
        <IsPartOfProject Value="True"/>
        <UnitName Value="pobierak.Engine"/>
      </Unit>
      <Unit>
        <Filename Value="pobierak.settings.pas"/>
        <IsPartOfProject Value="True"/>
      </Unit>
      <Unit>
        <Filename Value="copyttab.pas"/>
        <IsPartOfProject Value="True"/>
        <UnitName Value="copyTTab"/>
      </Unit>
      <Unit>
        <Filename Value="memothread.pas"/>
        <IsPartOfProject Value="True"/>
        <UnitName Value="MemoThread"/>
      </Unit>
      <Unit>
        <Filename Value="debugutils.pas"/>
        <IsPartOfProject Value="True"/>
        <UnitName Value="debugUtils"/>
      </Unit>
      <Unit>
        <Filename Value="uoptionsframe.pas"/>
        <IsPartOfProject Value="True"/>
        <ComponentName Value="FrameOptions"/>
        <HasResources Value="True"/>
        <ResourceBaseClass Value="Frame"/>
        <UnitName Value="UOptionsFrame"/>
      </Unit>
      <Unit>
        <Filename Value="usinglevideoframe.pas"/>
        <IsPartOfProject Value="True"/>
        <ComponentName Value="SingleVideoFrame"/>
        <HasResources Value="True"/>
        <ResourceBaseClass Value="Frame"/>
        <UnitName Value="USingleVideoFrame"/>
      </Unit>
      <Unit>
        <Filename Value="wcustomformatlist.pas"/>
        <IsPartOfProject Value="True"/>
        <ComponentName Value="CustomFormatList"/>
        <HasResources Value="True"/>
        <ResourceBaseClass Value="Frame"/>
        <UnitName Value="WCustomFormatList"/>
      </Unit>
      <Unit>
        <Filename Value="customformatsform.pas"/>
        <IsPartOfProject Value="True"/>
        <ComponentName Value="CustomFormatsForm"/>
        <HasResources Value="True"/>
        <ResourceBaseClass Value="Form"/>
        <UnitName Value="CustomFormatsForm"/>
      </Unit>
      <Unit>
        <Filename Value="c_urlstatictext.pas"/>
        <IsPartOfProject Value="True"/>
        <UnitName Value="c_URLStaticText"/>
      </Unit>
      <Unit>
        <Filename Value="decorator_statictext_link.pas"/>
        <IsPartOfProject Value="True"/>
        <UnitName Value="decorator_StaticText_Link"/>
      </Unit>
      <Unit>
        <Filename Value="folderbuttonframeunit.pas"/>
        <IsPartOfProject Value="True"/>
        <ComponentName Value="FolderButtonFrame"/>
        <HasResources Value="True"/>
        <ResourceBaseClass Value="Frame"/>
        <UnitName Value="FolderButtonFrameUnit"/>
      </Unit>
      <Unit>
        <Filename Value="uvideosframe.pas"/>
        <IsPartOfProject Value="True"/>
        <ComponentName Value="VideosFrame"/>
        <HasResources Value="True"/>
        <ResourceBaseClass Value="Frame"/>
        <UnitName Value="UVideosFrame"/>
      </Unit>
      <Unit>
        <Filename Value="pobierakcommontypes.pas"/>
        <IsPartOfProject Value="True"/>
        <UnitName Value="pobierak.commonTypes"/>
      </Unit>
      <Unit>
        <Filename Value="killprocesstree.pas"/>
        <IsPartOfProject Value="True"/>
        <UnitName Value="KillProcessTree"/>
      </Unit>
      <Unit>
        <Filename Value="sendkillsignal.pas"/>
        <IsPartOfProject Value="True"/>
        <UnitName Value="SendKillSignal"/>
      </Unit>
    </Units>
  </ProjectOptions>
  <CompilerOptions>
    <Version Value="11"/>
    <PathDelim Value="\"/>
    <Target>
      <Filename Value="PobierakYT"/>
    </Target>
    <SearchPaths>
      <IncludeFiles Value="$(ProjOutDir)"/>
      <UnitOutputDirectory Value="lib\$(TargetCPU)-$(TargetOS)"/>
    </SearchPaths>
    <Linking>
      <Debugging>
        <DebugInfoType Value="dsDwarf2Set"/>
      </Debugging>
      <Options>
        <Win32>
          <GraphicApplication Value="True"/>
        </Win32>
      </Options>
    </Linking>
  </CompilerOptions>
  <Debugging>
    <Exceptions>
      <Item>
        <Name Value="EAbort"/>
      </Item>
      <Item>
        <Name Value="ECodetoolError"/>
      </Item>
      <Item>
        <Name Value="EFOpenError"/>
      </Item>
    </Exceptions>
  </Debugging>
</CONFIG>
